
Microsoft Visual Studio Solution File, Format Version 12.00
# Visual Studio Version 18
VisualStudioVersion = 18.3.11512.155
MinimumVisualStudioVersion = 10.0.40219.1
Project("{FAE04EC0-301F-11D3-BF4B-00C04F79EFBC}") = "PlantFactory", "PlantFactory\PlantFactory.csproj", "{6F17F38F-15C9-49B4-9103-D79E989F1B4B}"
EndProject
Global
	GlobalSection(SolutionConfigurationPlatforms) = preSolution
		Debug|Any CPU = Debug|Any CPU
		Release|Any CPU = Release|Any CPU
	EndGlobalSection
	GlobalSection(ProjectConfigurationPlatforms) = postSolution
		{6F17F38F-15C9-49B4-9103-D79E989F1B4B}.Debug|Any CPU.ActiveCfg = Debug|Any CPU
		{6F17F38F-15C9-49B4-9103-D79E989F1B4B}.Debug|Any CPU.Build.0 = Debug|Any CPU
		{6F17F38F-15C9-49B4-9103-D79E989F1B4B}.Release|Any CPU.ActiveCfg = Release|Any CPU
		{6F17F38F-15C9-49B4-9103-D79E989F1B4B}.Release|Any CPU.Build.0 = Release|Any CPU
	EndGlobalSection
	GlobalSection(SolutionProperties) = preSolution
		HideSolutionNode = FALSE
	EndGlobalSection
	GlobalSection(ExtensibilityGlobals) = postSolution
		SolutionGuid = {8CAA1422-8F73-4990-A8BC-07408CC0C9B1}
	EndGlobalSection
EndGlobal
